
Microsoft Visual Studio Solution File, Format Version 12.00
# Visual Studio 15
VisualStudioVersion = 15.0.27703.2000
MinimumVisualStudioVersion = 10.0.40219.1
Project("{FAE04EC0-301F-11D3-BF4B-00C04F79EFBC}") = "FaTi", "FaTi\FaTi.csproj", "{B0E5F513-7ABA-4B5B-A7D8-D307BB09902E}"
EndProject
Global
	GlobalSection(SolutionConfigurationPlatforms) = preSolution
		Debug|Any CPU = Debug|Any CPU
		Release|Any CPU = Release|Any CPU
	EndGlobalSection
	GlobalSection(ProjectConfigurationPlatforms) = postSolution
		{B0E5F513-7ABA-4B5B-A7D8-D307BB09902E}.Debug|Any CPU.ActiveCfg = Debug|Any CPU
		{B0E5F513-7ABA-4B5B-A7D8-D307BB09902E}.Debug|Any CPU.Build.0 = Debug|Any CPU
		{B0E5F513-7ABA-4B5B-A7D8-D307BB09902E}.Release|Any CPU.ActiveCfg = Release|Any CPU
		{B0E5F513-7ABA-4B5B-A7D8-D307BB09902E}.Release|Any CPU.Build.0 = Release|Any CPU
	EndGlobalSection
	GlobalSection(SolutionProperties) = preSolution
		HideSolutionNode = FALSE
	EndGlobalSection
	GlobalSection(ExtensibilityGlobals) = postSolution
		SolutionGuid = {5FF58F00-DB22-4E88-BB37-139642EEA55B}
	EndGlobalSection
EndGlobal
